
Microsoft Visual Studio Solution File, Format Version 12.00
Project("{FAE04EC0-301F-11D3-BF4B-00C04F79EFBC}") = "CakeBuild", "Sleep Rework\ZZCakeBuild\CakeBuild.csproj", "{BD8D77A3-9E8F-4A05-8C7F-E747E24AEE56}"
EndProject
Project("{FAE04EC0-301F-11D3-BF4B-00C04F79EFBC}") = "Sleep_Rework", "Sleep Rework\Sleep_Rework\Sleep_Rework.csproj", "{1BEA4721-AC9D-4E0D-859C-274CFFF4D9C3}"
EndProject
Global
	GlobalSection(SolutionConfigurationPlatforms) = preSolution
		Debug|Any CPU = Debug|Any CPU
		Release|Any CPU = Release|Any CPU
	EndGlobalSection
	GlobalSection(ProjectConfigurationPlatforms) = postSolution
		{BD8D77A3-9E8F-4A05-8C7F-E747E24AEE56}.Debug|Any CPU.ActiveCfg = Debug|Any CPU
		{BD8D77A3-9E8F-4A05-8C7F-E747E24AEE56}.Debug|Any CPU.Build.0 = Debug|Any CPU
		{BD8D77A3-9E8F-4A05-8C7F-E747E24AEE56}.Release|Any CPU.ActiveCfg = Release|Any CPU
		{BD8D77A3-9E8F-4A05-8C7F-E747E24AEE56}.Release|Any CPU.Build.0 = Release|Any CPU
		{1BEA4721-AC9D-4E0D-859C-274CFFF4D9C3}.Debug|Any CPU.ActiveCfg = Debug|Any CPU
		{1BEA4721-AC9D-4E0D-859C-274CFFF4D9C3}.Debug|Any CPU.Build.0 = Debug|Any CPU
		{1BEA4721-AC9D-4E0D-859C-274CFFF4D9C3}.Release|Any CPU.ActiveCfg = Release|Any CPUs
		{1BEA4721-AC9D-4E0D-859C-274CFFF4D9C3}.Release|Any CPU.Build.0 = Release|Any CPU
	EndGlobalSection
EndGlobal
